// !$*UTF8*$!
{
	archiveVersion = 1;
	classes = {
	};
	objectVersion = 50;
	objects = {

/* Begin PBXBuildFile section */
		8F89023D2480C935004D0BB8 /* AppDelegate.swift in Sources */ = {isa = PBXBuildFile; fileRef = 8F89023C2480C934004D0BB8 /* AppDelegate.swift */; };
		8F89023F2480C935004D0BB8 /* SceneDelegate.swift in Sources */ = {isa = PBXBuildFile; fileRef = 8F89023E2480C935004D0BB8 /* SceneDelegate.swift */; };
		8F8902412480C935004D0BB8 /* ContentView.swift in Sources */ = {isa = PBXBuildFile; fileRef = 8F8902402480C935004D0BB8 /* ContentView.swift */; };
		8F8902432480C93C004D0BB8 /* Assets.xcassets in Resources */ = {isa = PBXBuildFile; fileRef = 8F8902422480C93C004D0BB8 /* Assets.xcassets */; };
		8F8902462480C93C004D0BB8 /* Preview Assets.xcassets in Resources */ = {isa = PBXBuildFile; fileRef = 8F8902452480C93C004D0BB8 /* Preview Assets.xcassets */; };
		8F8902492480C93C004D0BB8 /* LaunchScreen.storyboard in Resources */ = {isa = PBXBuildFile; fileRef = 8F8902472480C93C004D0BB8 /* LaunchScreen.storyboard */; };
		8F8902512480CF2D004D0BB8 /* DetailView.swift in Sources */ = {isa = PBXBuildFile; fileRef = 8F8902502480CF2D004D0BB8 /* DetailView.swift */; };
		8F8902552480D05D004D0BB8 /* User.swift in Sources */ = {isa = PBXBuildFile; fileRef = 8F8902542480D05D004D0BB8 /* User.swift */; };
		8FB8FAAF2480D39300CBB35A /* LineChartView.swift in Sources */ = {isa = PBXBuildFile; fileRef = 8FB8FAAE2480D39300CBB35A /* LineChartView.swift */; };
		8FB8FAB12480D41B00CBB35A /* LineCardView.swift in Sources */ = {isa = PBXBuildFile; fileRef = 8FB8FAB02480D41B00CBB35A /* LineCardView.swift */; };
/* End PBXBuildFile section */

/* Begin PBXFileReference section */
		8F8902392480C934004D0BB8 /* ActivityTracker.app */ = {isa = PBXFileReference; explicitFileType = wrapper.application; includeInIndex = 0; path = ActivityTracker.app; sourceTree = BUILT_PRODUCTS_DIR; };
		8F89023C2480C934004D0BB8 /* AppDelegate.swift */ = {isa = PBXFileReference; lastKnownFileType = sourcecode.swift; path = AppDelegate.swift; sourceTree = "<group>"; };
		8F89023E2480C935004D0BB8 /* SceneDelegate.swift */ = {isa = PBXFileReference; lastKnownFileType = sourcecode.swift; path = SceneDelegate.swift; sourceTree = "<group>"; };
		8F8902402480C935004D0BB8 /* ContentView.swift */ = {isa = PBXFileReference; lastKnownFileType = sourcecode.swift; path = ContentView.swift; sourceTree = "<group>"; };
		8F8902422480C93C004D0BB8 /* Assets.xcassets */ = {isa = PBXFileReference; lastKnownFileType = folder.assetcatalog; path = Assets.xcassets; sourceTree = "<group>"; };
		8F8902452480C93C004D0BB8 /* Preview Assets.xcassets */ = {isa = PBXFileReference; lastKnownFileType = folder.assetcatalog; path = "Preview Assets.xcassets"; sourceTree = "<group>"; };
		8F8902482480C93C004D0BB8 /* Base */ = {isa = PBXFileReference; lastKnownFileType = file.storyboard; name = Base; path = Base.lproj/LaunchScreen.storyboard; sourceTree = "<group>"; };
		8F89024A2480C93C004D0BB8 /* Info.plist */ = {isa = PBXFileReference; lastKnownFileType = text.plist.xml; path = Info.plist; sourceTree = "<group>"; };
		8F8902502480CF2D004D0BB8 /* DetailView.swift */ = {isa = PBXFileReference; lastKnownFileType = sourcecode.swift; path = DetailView.swift; sourceTree = "<group>"; };
		8F8902542480D05D004D0BB8 /* User.swift */ = {isa = PBXFileReference; fileEncoding = 4; lastKnownFileType = sourcecode.swift; path = User.swift; sourceTree = "<group>"; };
		8FB8FAAE2480D39300CBB35A /* LineChartView.swift */ = {isa = PBXFileReference; lastKnownFileType = sourcecode.swift; path = LineChartView.swift; sourceTree = "<group>"; };
		8FB8FAB02480D41B00CBB35A /* LineCardView.swift */ = {isa = PBXFileReference; lastKnownFileType = sourcecode.swift; path = LineCardView.swift; sourceTree = "<group>"; };
/* End PBXFileReference section */

/* Begin PBXFrameworksBuildPhase section */
		8F8902362480C934004D0BB8 /* Frameworks */ = {
			isa = PBXFrameworksBuildPhase;
			buildActionMask = 2147483647;
			files = (
			);
			runOnlyForDeploymentPostprocessing = 0;
		};
/* End PBXFrameworksBuildPhase section */

/* Begin PBXGroup section */
		8F8902302480C934004D0BB8 = {
			isa = PBXGroup;
			children = (
				8F89023B2480C934004D0BB8 /* ActivityTracker */,
				8F89023A2480C934004D0BB8 /* Products */,
			);
			sourceTree = "<group>";
		};
		8F89023A2480C934004D0BB8 /* Products */ = {
			isa = PBXGroup;
			children = (
				8F8902392480C934004D0BB8 /* ActivityTracker.app */,
			);
			name = Products;
			sourceTree = "<group>";
		};
		8F89023B2480C934004D0BB8 /* ActivityTracker */ = {
			isa = PBXGroup;
			children = (
				8F89023C2480C934004D0BB8 /* AppDelegate.swift */,
				8F89023E2480C935004D0BB8 /* SceneDelegate.swift */,
				8F8902402480C935004D0BB8 /* ContentView.swift */,
				8F8902502480CF2D004D0BB8 /* DetailView.swift */,
				8F8902542480D05D004D0BB8 /* User.swift */,
				8FB8FAAE2480D39300CBB35A /* LineChartView.swift */,
				8FB8FAB02480D41B00CBB35A /* LineCardView.swift */,
				8F8902422480C93C004D0BB8 /* Assets.xcassets */,
				8F8902472480C93C004D0BB8 /* LaunchScreen.storyboard */,
				8F89024A2480C93C004D0BB8 /* Info.plist */,
				8F8902442480C93C004D0BB8 /* Preview Content */,
			);
			path = ActivityTracker;
			sourceTree = "<group>";
		};
		8F8902442480C93C004D0BB8 /* Preview Content */ = {
			isa = PBXGroup;
			children = (
				8F8902452480C93C004D0BB8 /* Preview Assets.xcassets */,
			);
			path = "Preview Content";
			sourceTree = "<group>";
		};
/* End PBXGroup section */

/* Begin PBXNativeTarget section */
		8F8902382480C934004D0BB8 /* ActivityTracker */ = {
			isa = PBXNativeTarget;
			buildConfigurationList = 8F89024D2480C93C004D0BB8 /* Build configuration list for PBXNativeTarget "ActivityTracker" */;
			buildPhases = (
				8F8902352480C934004D0BB8 /* Sources */,
				8F8902362480C934004D0BB8 /* Frameworks */,
				8F8902372480C934004D0BB8 /* Resources */,
			);
			buildRules = (
			);
			dependencies = (
			);
			name = ActivityTracker;
			productName = ActivityTracker;
			productReference = 8F8902392480C934004D0BB8 /* ActivityTracker.app */;
			productType = "com.apple.product-type.application";
		};
/* End PBXNativeTarget section */

/* Begin PBXProject section */
		8F8902312480C934004D0BB8 /* Project object */ = {
			isa = PBXProject;
			attributes = {
				LastSwiftUpdateCheck = 1150;
				LastUpgradeCheck = 1150;
				ORGANIZATIONNAME = "Toshiki Ichibangase";
				TargetAttributes = {
					8F8902382480C934004D0BB8 = {
						CreatedOnToolsVersion = 11.5;
					};
				};
			};
			buildConfigurationList = 8F8902342480C934004D0BB8 /* Build configuration list for PBXProject "ActivityTracker" */;
			compatibilityVersion = "Xcode 9.3";
			developmentRegion = en;
			hasScannedForEncodings = 0;
			knownRegions = (
				en,
				Base,
			);
			mainGroup = 8F8902302480C934004D0BB8;
			productRefGroup = 8F89023A2480C934004D0BB8 /* Products */;
			projectDirPath = "";
			projectRoot = "";
			targets = (
				8F8902382480C934004D0BB8 /* ActivityTracker */,
			);
		};
/* End PBXProject section */

/* Begin PBXResourcesBuildPhase section */
		8F8902372480C934004D0BB8 /* Resources */ = {
			isa = PBXResourcesBuildPhase;
			buildActionMask = 2147483647;
			files = (
				8F8902492480C93C004D0BB8 /* LaunchScreen.storyboard in Resources */,
				8F8902462480C93C004D0BB8 /* Preview Assets.xcassets in Resources */,
				8F8902432480C93C004D0BB8 /* Assets.xcassets in Resources */,
			);
			runOnlyForDeploymentPostprocessing = 0;
		};
/* End PBXResourcesBuildPhase section */

/* Begin PBXSourcesBuildPhase section */
		8F8902352480C934004D0BB8 /* Sources */ = {
			isa = PBXSourcesBuildPhase;
			buildActionMask = 2147483647;
			files = (
				8F89023D2480C935004D0BB8 /* AppDelegate.swift in Sources */,
				8FB8FAB12480D41B00CBB35A /* LineCardView.swift in Sources */,
				8F8902512480CF2D004D0BB8 /* DetailView.swift in Sources */,
				8F89023F2480C935004D0BB8 /* SceneDelegate.swift in Sources */,
				8F8902552480D05D004D0BB8 /* User.swift in Sources */,
				8F8902412480C935004D0BB8 /* ContentView.swift in Sources */,
				8FB8FAAF2480D39300CBB35A /* LineChartView.swift in Sources */,
			);
			runOnlyForDeploymentPostprocessing = 0;
		};
/* End PBXSourcesBuildPhase section */

/* Begin PBXVariantGroup section */
		8F8902472480C93C004D0BB8 /* LaunchScreen.storyboard */ = {
			isa = PBXVariantGroup;
			children = (
				8F8902482480C93C004D0BB8 /* Base */,
			);
			name = LaunchScreen.storyboard;
			sourceTree = "<group>";
		};
/* End PBXVariantGroup section */

/* Begin XCBuildConfiguration section */
		8F89024B2480C93C004D0BB8 /* Debug */ = {
			isa = XCBuildConfiguration;
			buildSettings = {
				ALWAYS_SEARCH_USER_PATHS = NO;
				CLANG_ANALYZER_NONNULL = YES;
				CLANG_ANALYZER_NUMBER_OBJECT_CONVERSION = YES_AGGRESSIVE;
				CLANG_CXX_LANGUAGE_STANDARD = "gnu++14";
				CLANG_CXX_LIBRARY = "libc++";
				CLANG_ENABLE_MODULES = YES;
				CLANG_ENABLE_OBJC_ARC = YES;
				CLANG_ENABLE_OBJC_WEAK = YES;
				CLANG_WARN_BLOCK_CAPTURE_AUTORELEASING = YES;
				CLANG_WARN_BOOL_CONVERSION = YES;
				CLANG_WARN_COMMA = YES;
				CLANG_WARN_CONSTANT_CONVERSION = YES;
				CLANG_WARN_DEPRECATED_OBJC_IMPLEMENTATIONS = YES;
				CLANG_WARN_DIRECT_OBJC_ISA_USAGE = YES_ERROR;
				CLANG_WARN_DOCUMENTATION_COMMENTS = YES;
				CLANG_WARN_EMPTY_BODY = YES;
				CLANG_WARN_ENUM_CONVERSION = YES;
				CLANG_WARN_INFINITE_RECURSION = YES;
				CLANG_WARN_INT_CONVERSION = YES;
				CLANG_WARN_NON_LITERAL_NULL_CONVERSION = YES;
				CLANG_WARN_OBJC_IMPLICIT_RETAIN_SELF = YES;
				CLANG_WARN_OBJC_LITERAL_CONVERSION = YES;
				CLANG_WARN_OBJC_ROOT_CLASS = YES_ERROR;
				CLANG_WARN_RANGE_LOOP_ANALYSIS = YES;
				CLANG_WARN_STRICT_PROTOTYPES = YES;
				CLANG_WARN_SUSPICIOUS_MOVE = YES;
				CLANG_WARN_UNGUARDED_AVAILABILITY = YES_AGGRESSIVE;
				CLANG_WARN_UNREACHABLE_CODE = YES;
				CLANG_WARN__DUPLICATE_METHOD_MATCH = YES;
				COPY_PHASE_STRIP = NO;
				DEBUG_INFORMATION_FORMAT = dwarf;
				ENABLE_STRICT_OBJC_MSGSEND = YES;
				ENABLE_TESTABILITY = YES;
				GCC_C_LANGUAGE_STANDARD = gnu11;
				GCC_DYNAMIC_NO_PIC = NO;
				GCC_NO_COMMON_BLOCKS = YES;
				GCC_OPTIMIZATION_LEVEL = 0;
				GCC_PREPROCESSOR_DEFINITIONS = (
					"DEBUG=1",
					"$(inherited)",
				);
				GCC_WARN_64_TO_32_BIT_CONVERSION = YES;
				GCC_WARN_ABOUT_RETURN_TYPE = YES_ERROR;
				GCC_WARN_UNDECLARED_SELECTOR = YES;
				GCC_WARN_UNINITIALIZED_AUTOS = YES_AGGRESSIVE;
				GCC_WARN_UNUSED_FUNCTION = YES;
				GCC_WARN_UNUSED_VARIABLE = YES;
				IPHONEOS_DEPLOYMENT_TARGET = 13.5;
				MTL_ENABLE_DEBUG_INFO = INCLUDE_SOURCE;
				MTL_FAST_MATH = YES;
				ONLY_ACTIVE_ARCH = YES;
				SDKROOT = iphoneos;
				SWIFT_ACTIVE_COMPILATION_CONDITIONS = DEBUG;
				SWIFT_OPTIMIZATION_LEVEL = "-Onone";
			};
			name = Debug;
		};
		8F89024C2480C93C004D0BB8 /* Release */ = {
			isa = XCBuildConfiguration;
			buildSettings = {
				ALWAYS_SEARCH_USER_PATHS = NO;
				CLANG_ANALYZER_NONNULL = YES;
				CLANG_ANALYZER_NUMBER_OBJECT_CONVERSION = YES_AGGRESSIVE;
				CLANG_CXX_LANGUAGE_STANDARD = "gnu++14";
				CLANG_CXX_LIBRARY = "libc++";
				CLANG_ENABLE_MODULES = YES;
				CLANG_ENABLE_OBJC_ARC = YES;
				CLANG_ENABLE_OBJC_WEAK = YES;
				CLANG_WARN_BLOCK_CAPTURE_AUTORELEASING = YES;
				CLANG_WARN_BOOL_CONVERSION = YES;
				CLANG_WARN_COMMA = YES;
				CLANG_WARN_CONSTANT_CONVERSION = YES;
				CLANG_WARN_DEPRECATED_OBJC_IMPLEMENTATIONS = YES;
				CLANG_WARN_DIRECT_OBJC_ISA_USAGE = YES_ERROR;
				CLANG_WARN_DOCUMENTATION_COMMENTS = YES;
				CLANG_WARN_EMPTY_BODY = YES;
				CLANG_WARN_ENUM_CONVERSION = YES;
				CLANG_WARN_INFINITE_RECURSION = YES;
				CLANG_WARN_INT_CONVERSION = YES;
				CLANG_WARN_NON_LITERAL_NULL_CONVERSION = YES;
				CLANG_WARN_OBJC_IMPLICIT_RETAIN_SELF = YES;
				CLANG_WARN_OBJC_LITERAL_CONVERSION = YES;
				CLANG_WARN_OBJC_ROOT_CLASS = YES_ERROR;
				CLANG_WARN_RANGE_LOOP_ANALYSIS = YES;
				CLANG_WARN_STRICT_PROTOTYPES = YES;
				CLANG_WARN_SUSPICIOUS_MOVE = YES;
				CLANG_WARN_UNGUARDED_AVAILABILITY = YES_AGGRESSIVE;
				CLANG_WARN_UNREACHABLE_CODE = YES;
				CLANG_WARN__DUPLICATE_METHOD_MATCH = YES;
				COPY_PHASE_STRIP = NO;
				DEBUG_INFORMATION_FORMAT = "dwarf-with-dsym";
				ENABLE_NS_ASSERTIONS = NO;
				ENABLE_STRICT_OBJC_MSGSEND = YES;
				GCC_C_LANGUAGE_STANDARD = gnu11;
				GCC_NO_COMMON_BLOCKS = YES;
				GCC_WARN_64_TO_32_BIT_CONVERSION = YES;
				GCC_WARN_ABOUT_RETURN_TYPE = YES_ERROR;
				GCC_WARN_UNDECLARED_SELECTOR = YES;
				GCC_WARN_UNINITIALIZED_AUTOS = YES_AGGRESSIVE;
				GCC_WARN_UNUSED_FUNCTION = YES;
				GCC_WARN_UNUSED_VARIABLE = YES;
				IPHONEOS_DEPLOYMENT_TARGET = 13.5;
				MTL_ENABLE_DEBUG_INFO = NO;
				MTL_FAST_MATH = YES;
				SDKROOT = iphoneos;
				SWIFT_COMPILATION_MODE = wholemodule;
				SWIFT_OPTIMIZATION_LEVEL = "-O";
				VALIDATE_PRODUCT = YES;
			};
			name = Release;
		};
		8F89024E2480C93C004D0BB8 /* Debug */ = {
			isa = XCBuildConfiguration;
			buildSettings = {
				ASSETCATALOG_COMPILER_APPICON_NAME = AppIcon;
				CODE_SIGN_STYLE = Automatic;
				DEVELOPMENT_ASSET_PATHS = "\"ActivityTracker/Preview Content\"";
				DEVELOPMENT_TEAM = VDZ276T74C;
				ENABLE_PREVIEWS = YES;
				INFOPLIST_FILE = ActivityTracker/Info.plist;
				LD_RUNPATH_SEARCH_PATHS = (
					"$(inherited)",
					"@executable_path/Frameworks",
				);
				PRODUCT_BUNDLE_IDENTIFIER = com.example.ActivityTracker;
				PRODUCT_NAME = "$(TARGET_NAME)";
				SWIFT_VERSION = 5.0;
				TARGETED_DEVICE_FAMILY = "1,2";
			};
			name = Debug;
		};
		8F89024F2480C93C004D0BB8 /* Release */ = {
			isa = XCBuildConfiguration;
			buildSettings = {
				ASSETCATALOG_COMPILER_APPICON_NAME = AppIcon;
				CODE_SIGN_STYLE = Automatic;
				DEVELOPMENT_ASSET_PATHS = "\"ActivityTracker/Preview Content\"";
				DEVELOPMENT_TEAM = VDZ276T74C;
				ENABLE_PREVIEWS = YES;
				INFOPLIST_FILE = ActivityTracker/Info.plist;
				LD_RUNPATH_SEARCH_PATHS = (
					"$(inherited)",
					"@executable_path/Frameworks",
				);
				PRODUCT_BUNDLE_IDENTIFIER = com.example.ActivityTracker;
				PRODUCT_NAME = "$(TARGET_NAME)";
				SWIFT_VERSION = 5.0;
				TARGETED_DEVICE_FAMILY = "1,2";
			};
			name = Release;
		};
/* End XCBuildConfiguration section */

/* Begin XCConfigurationList section */
		8F8902342480C934004D0BB8 /* Build configuration list for PBXProject "ActivityTracker" */ = {
			isa = XCConfigurationList;
			buildConfigurations = (
				8F89024B2480C93C004D0BB8 /* Debug */,
				8F89024C2480C93C004D0BB8 /* Release */,
			);
			defaultConfigurationIsVisible = 0;
			defaultConfigurationName = Release;
		};
		8F89024D2480C93C004D0BB8 /* Build configuration list for PBXNativeTarget "ActivityTracker" */ = {
			isa = XCConfigurationList;
			buildConfigurations = (
				8F89024E2480C93C004D0BB8 /* Debug */,
				8F89024F2480C93C004D0BB8 /* Release */,
			);
			defaultConfigurationIsVisible = 0;
			defaultConfigurationName = Release;
		};
/* End XCConfigurationList section */
	};
	rootObject = 8F8902312480C934004D0BB8 /* Project object */;
}
