// !$*UTF8*$!
{
	archiveVersion = 1;
	classes = {
	};
	objectVersion = 50;
	objects = {

/* Begin PBXBuildFile section */
		8F0D3A2A246FD9AD00A91BD2 /* AppDelegate.swift in Sources */ = {isa = PBXBuildFile; fileRef = 8F0D3A29246FD9AD00A91BD2 /* AppDelegate.swift */; };
		8F0D3A2C246FD9AD00A91BD2 /* SceneDelegate.swift in Sources */ = {isa = PBXBuildFile; fileRef = 8F0D3A2B246FD9AD00A91BD2 /* SceneDelegate.swift */; };
		8F0D3A2E246FD9AE00A91BD2 /* ContentView.swift in Sources */ = {isa = PBXBuildFile; fileRef = 8F0D3A2D246FD9AE00A91BD2 /* ContentView.swift */; };
		8F0D3A30246FD9BE00A91BD2 /* Assets.xcassets in Resources */ = {isa = PBXBuildFile; fileRef = 8F0D3A2F246FD9BE00A91BD2 /* Assets.xcassets */; };
		8F0D3A33246FD9BE00A91BD2 /* Preview Assets.xcassets in Resources */ = {isa = PBXBuildFile; fileRef = 8F0D3A32246FD9BE00A91BD2 /* Preview Assets.xcassets */; };
		8F0D3A36246FD9BE00A91BD2 /* LaunchScreen.storyboard in Resources */ = {isa = PBXBuildFile; fileRef = 8F0D3A34246FD9BE00A91BD2 /* LaunchScreen.storyboard */; };
		8F3DDE0A247903520088D2E2 /* MKPointAnnotation-ObservableObject.swift in Sources */ = {isa = PBXBuildFile; fileRef = 8F3DDE09247903520088D2E2 /* MKPointAnnotation-ObservableObject.swift */; };
		8F3DDE0C2479044C0088D2E2 /* EditView.swift in Sources */ = {isa = PBXBuildFile; fileRef = 8F3DDE0B2479044C0088D2E2 /* EditView.swift */; };
		8F3DDE0E24790E8A0088D2E2 /* Result.swift in Sources */ = {isa = PBXBuildFile; fileRef = 8F3DDE0D24790E8A0088D2E2 /* Result.swift */; };
		8FE4373D2474260A0036333A /* MapView.swift in Sources */ = {isa = PBXBuildFile; fileRef = 8FE4373C2474260A0036333A /* MapView.swift */; };
/* End PBXBuildFile section */

/* Begin PBXFileReference section */
		8F0D3A26246FD9AD00A91BD2 /* BucketList.app */ = {isa = PBXFileReference; explicitFileType = wrapper.application; includeInIndex = 0; path = BucketList.app; sourceTree = BUILT_PRODUCTS_DIR; };
		8F0D3A29246FD9AD00A91BD2 /* AppDelegate.swift */ = {isa = PBXFileReference; lastKnownFileType = sourcecode.swift; path = AppDelegate.swift; sourceTree = "<group>"; };
		8F0D3A2B246FD9AD00A91BD2 /* SceneDelegate.swift */ = {isa = PBXFileReference; lastKnownFileType = sourcecode.swift; path = SceneDelegate.swift; sourceTree = "<group>"; };
		8F0D3A2D246FD9AE00A91BD2 /* ContentView.swift */ = {isa = PBXFileReference; lastKnownFileType = sourcecode.swift; path = ContentView.swift; sourceTree = "<group>"; };
		8F0D3A2F246FD9BE00A91BD2 /* Assets.xcassets */ = {isa = PBXFileReference; lastKnownFileType = folder.assetcatalog; path = Assets.xcassets; sourceTree = "<group>"; };
		8F0D3A32246FD9BE00A91BD2 /* Preview Assets.xcassets */ = {isa = PBXFileReference; lastKnownFileType = folder.assetcatalog; path = "Preview Assets.xcassets"; sourceTree = "<group>"; };
		8F0D3A35246FD9BE00A91BD2 /* Base */ = {isa = PBXFileReference; lastKnownFileType = file.storyboard; name = Base; path = Base.lproj/LaunchScreen.storyboard; sourceTree = "<group>"; };
		8F0D3A37246FD9BE00A91BD2 /* Info.plist */ = {isa = PBXFileReference; lastKnownFileType = text.plist.xml; path = Info.plist; sourceTree = "<group>"; };
		8F3DDE09247903520088D2E2 /* MKPointAnnotation-ObservableObject.swift */ = {isa = PBXFileReference; lastKnownFileType = sourcecode.swift; path = "MKPointAnnotation-ObservableObject.swift"; sourceTree = "<group>"; };
		8F3DDE0B2479044C0088D2E2 /* EditView.swift */ = {isa = PBXFileReference; lastKnownFileType = sourcecode.swift; path = EditView.swift; sourceTree = "<group>"; };
		8F3DDE0D24790E8A0088D2E2 /* Result.swift */ = {isa = PBXFileReference; lastKnownFileType = sourcecode.swift; path = Result.swift; sourceTree = "<group>"; };
		8FE4373C2474260A0036333A /* MapView.swift */ = {isa = PBXFileReference; lastKnownFileType = sourcecode.swift; path = MapView.swift; sourceTree = "<group>"; };
/* End PBXFileReference section */

/* Begin PBXFrameworksBuildPhase section */
		8F0D3A23246FD9AD00A91BD2 /* Frameworks */ = {
			isa = PBXFrameworksBuildPhase;
			buildActionMask = 2147483647;
			files = (
			);
			runOnlyForDeploymentPostprocessing = 0;
		};
/* End PBXFrameworksBuildPhase section */

/* Begin PBXGroup section */
		8F0D3A1D246FD9AD00A91BD2 = {
			isa = PBXGroup;
			children = (
				8F0D3A28246FD9AD00A91BD2 /* BucketList */,
				8F0D3A27246FD9AD00A91BD2 /* Products */,
			);
			sourceTree = "<group>";
		};
		8F0D3A27246FD9AD00A91BD2 /* Products */ = {
			isa = PBXGroup;
			children = (
				8F0D3A26246FD9AD00A91BD2 /* BucketList.app */,
			);
			name = Products;
			sourceTree = "<group>";
		};
		8F0D3A28246FD9AD00A91BD2 /* BucketList */ = {
			isa = PBXGroup;
			children = (
				8F0D3A29246FD9AD00A91BD2 /* AppDelegate.swift */,
				8F0D3A2B246FD9AD00A91BD2 /* SceneDelegate.swift */,
				8F0D3A2D246FD9AE00A91BD2 /* ContentView.swift */,
				8F3DDE0D24790E8A0088D2E2 /* Result.swift */,
				8F3DDE09247903520088D2E2 /* MKPointAnnotation-ObservableObject.swift */,
				8F3DDE0B2479044C0088D2E2 /* EditView.swift */,
				8FE4373C2474260A0036333A /* MapView.swift */,
				8F0D3A2F246FD9BE00A91BD2 /* Assets.xcassets */,
				8F0D3A34246FD9BE00A91BD2 /* LaunchScreen.storyboard */,
				8F0D3A37246FD9BE00A91BD2 /* Info.plist */,
				8F0D3A31246FD9BE00A91BD2 /* Preview Content */,
			);
			path = BucketList;
			sourceTree = "<group>";
		};
		8F0D3A31246FD9BE00A91BD2 /* Preview Content */ = {
			isa = PBXGroup;
			children = (
				8F0D3A32246FD9BE00A91BD2 /* Preview Assets.xcassets */,
			);
			path = "Preview Content";
			sourceTree = "<group>";
		};
/* End PBXGroup section */

/* Begin PBXNativeTarget section */
		8F0D3A25246FD9AD00A91BD2 /* BucketList */ = {
			isa = PBXNativeTarget;
			buildConfigurationList = 8F0D3A3A246FD9BE00A91BD2 /* Build configuration list for PBXNativeTarget "BucketList" */;
			buildPhases = (
				8F0D3A22246FD9AD00A91BD2 /* Sources */,
				8F0D3A23246FD9AD00A91BD2 /* Frameworks */,
				8F0D3A24246FD9AD00A91BD2 /* Resources */,
			);
			buildRules = (
			);
			dependencies = (
			);
			name = BucketList;
			productName = BucketList;
			productReference = 8F0D3A26246FD9AD00A91BD2 /* BucketList.app */;
			productType = "com.apple.product-type.application";
		};
/* End PBXNativeTarget section */

/* Begin PBXProject section */
		8F0D3A1E246FD9AD00A91BD2 /* Project object */ = {
			isa = PBXProject;
			attributes = {
				LastSwiftUpdateCheck = 1140;
				LastUpgradeCheck = 1140;
				ORGANIZATIONNAME = "Toshiki Ichibangase";
				TargetAttributes = {
					8F0D3A25246FD9AD00A91BD2 = {
						CreatedOnToolsVersion = 11.4.1;
					};
				};
			};
			buildConfigurationList = 8F0D3A21246FD9AD00A91BD2 /* Build configuration list for PBXProject "BucketList" */;
			compatibilityVersion = "Xcode 9.3";
			developmentRegion = en;
			hasScannedForEncodings = 0;
			knownRegions = (
				en,
				Base,
			);
			mainGroup = 8F0D3A1D246FD9AD00A91BD2;
			productRefGroup = 8F0D3A27246FD9AD00A91BD2 /* Products */;
			projectDirPath = "";
			projectRoot = "";
			targets = (
				8F0D3A25246FD9AD00A91BD2 /* BucketList */,
			);
		};
/* End PBXProject section */

/* Begin PBXResourcesBuildPhase section */
		8F0D3A24246FD9AD00A91BD2 /* Resources */ = {
			isa = PBXResourcesBuildPhase;
			buildActionMask = 2147483647;
			files = (
				8F0D3A36246FD9BE00A91BD2 /* LaunchScreen.storyboard in Resources */,
				8F0D3A33246FD9BE00A91BD2 /* Preview Assets.xcassets in Resources */,
				8F0D3A30246FD9BE00A91BD2 /* Assets.xcassets in Resources */,
			);
			runOnlyForDeploymentPostprocessing = 0;
		};
/* End PBXResourcesBuildPhase section */

/* Begin PBXSourcesBuildPhase section */
		8F0D3A22246FD9AD00A91BD2 /* Sources */ = {
			isa = PBXSourcesBuildPhase;
			buildActionMask = 2147483647;
			files = (
				8F0D3A2A246FD9AD00A91BD2 /* AppDelegate.swift in Sources */,
				8FE4373D2474260A0036333A /* MapView.swift in Sources */,
				8F3DDE0C2479044C0088D2E2 /* EditView.swift in Sources */,
				8F0D3A2C246FD9AD00A91BD2 /* SceneDelegate.swift in Sources */,
				8F3DDE0E24790E8A0088D2E2 /* Result.swift in Sources */,
				8F3DDE0A247903520088D2E2 /* MKPointAnnotation-ObservableObject.swift in Sources */,
				8F0D3A2E246FD9AE00A91BD2 /* ContentView.swift in Sources */,
			);
			runOnlyForDeploymentPostprocessing = 0;
		};
/* End PBXSourcesBuildPhase section */

/* Begin PBXVariantGroup section */
		8F0D3A34246FD9BE00A91BD2 /* LaunchScreen.storyboard */ = {
			isa = PBXVariantGroup;
			children = (
				8F0D3A35246FD9BE00A91BD2 /* Base */,
			);
			name = LaunchScreen.storyboard;
			sourceTree = "<group>";
		};
/* End PBXVariantGroup section */

/* Begin XCBuildConfiguration section */
		8F0D3A38246FD9BE00A91BD2 /* Debug */ = {
			isa = XCBuildConfiguration;
			buildSettings = {
				ALWAYS_SEARCH_USER_PATHS = NO;
				CLANG_ANALYZER_NONNULL = YES;
				CLANG_ANALYZER_NUMBER_OBJECT_CONVERSION = YES_AGGRESSIVE;
				CLANG_CXX_LANGUAGE_STANDARD = "gnu++14";
				CLANG_CXX_LIBRARY = "libc++";
				CLANG_ENABLE_MODULES = YES;
				CLANG_ENABLE_OBJC_ARC = YES;
				CLANG_ENABLE_OBJC_WEAK = YES;
				CLANG_WARN_BLOCK_CAPTURE_AUTORELEASING = YES;
				CLANG_WARN_BOOL_CONVERSION = YES;
				CLANG_WARN_COMMA = YES;
				CLANG_WARN_CONSTANT_CONVERSION = YES;
				CLANG_WARN_DEPRECATED_OBJC_IMPLEMENTATIONS = YES;
				CLANG_WARN_DIRECT_OBJC_ISA_USAGE = YES_ERROR;
				CLANG_WARN_DOCUMENTATION_COMMENTS = YES;
				CLANG_WARN_EMPTY_BODY = YES;
				CLANG_WARN_ENUM_CONVERSION = YES;
				CLANG_WARN_INFINITE_RECURSION = YES;
				CLANG_WARN_INT_CONVERSION = YES;
				CLANG_WARN_NON_LITERAL_NULL_CONVERSION = YES;
				CLANG_WARN_OBJC_IMPLICIT_RETAIN_SELF = YES;
				CLANG_WARN_OBJC_LITERAL_CONVERSION = YES;
				CLANG_WARN_OBJC_ROOT_CLASS = YES_ERROR;
				CLANG_WARN_RANGE_LOOP_ANALYSIS = YES;
				CLANG_WARN_STRICT_PROTOTYPES = YES;
				CLANG_WARN_SUSPICIOUS_MOVE = YES;
				CLANG_WARN_UNGUARDED_AVAILABILITY = YES_AGGRESSIVE;
				CLANG_WARN_UNREACHABLE_CODE = YES;
				CLANG_WARN__DUPLICATE_METHOD_MATCH = YES;
				COPY_PHASE_STRIP = NO;
				DEBUG_INFORMATION_FORMAT = dwarf;
				ENABLE_STRICT_OBJC_MSGSEND = YES;
				ENABLE_TESTABILITY = YES;
				GCC_C_LANGUAGE_STANDARD = gnu11;
				GCC_DYNAMIC_NO_PIC = NO;
				GCC_NO_COMMON_BLOCKS = YES;
				GCC_OPTIMIZATION_LEVEL = 0;
				GCC_PREPROCESSOR_DEFINITIONS = (
					"DEBUG=1",
					"$(inherited)",
				);
				GCC_WARN_64_TO_32_BIT_CONVERSION = YES;
				GCC_WARN_ABOUT_RETURN_TYPE = YES_ERROR;
				GCC_WARN_UNDECLARED_SELECTOR = YES;
				GCC_WARN_UNINITIALIZED_AUTOS = YES_AGGRESSIVE;
				GCC_WARN_UNUSED_FUNCTION = YES;
				GCC_WARN_UNUSED_VARIABLE = YES;
				IPHONEOS_DEPLOYMENT_TARGET = 13.4;
				MTL_ENABLE_DEBUG_INFO = INCLUDE_SOURCE;
				MTL_FAST_MATH = YES;
				ONLY_ACTIVE_ARCH = YES;
				SDKROOT = iphoneos;
				SWIFT_ACTIVE_COMPILATION_CONDITIONS = DEBUG;
				SWIFT_OPTIMIZATION_LEVEL = "-Onone";
			};
			name = Debug;
		};
		8F0D3A39246FD9BE00A91BD2 /* Release */ = {
			isa = XCBuildConfiguration;
			buildSettings = {
				ALWAYS_SEARCH_USER_PATHS = NO;
				CLANG_ANALYZER_NONNULL = YES;
				CLANG_ANALYZER_NUMBER_OBJECT_CONVERSION = YES_AGGRESSIVE;
				CLANG_CXX_LANGUAGE_STANDARD = "gnu++14";
				CLANG_CXX_LIBRARY = "libc++";
				CLANG_ENABLE_MODULES = YES;
				CLANG_ENABLE_OBJC_ARC = YES;
				CLANG_ENABLE_OBJC_WEAK = YES;
				CLANG_WARN_BLOCK_CAPTURE_AUTORELEASING = YES;
				CLANG_WARN_BOOL_CONVERSION = YES;
				CLANG_WARN_COMMA = YES;
				CLANG_WARN_CONSTANT_CONVERSION = YES;
				CLANG_WARN_DEPRECATED_OBJC_IMPLEMENTATIONS = YES;
				CLANG_WARN_DIRECT_OBJC_ISA_USAGE = YES_ERROR;
				CLANG_WARN_DOCUMENTATION_COMMENTS = YES;
				CLANG_WARN_EMPTY_BODY = YES;
				CLANG_WARN_ENUM_CONVERSION = YES;
				CLANG_WARN_INFINITE_RECURSION = YES;
				CLANG_WARN_INT_CONVERSION = YES;
				CLANG_WARN_NON_LITERAL_NULL_CONVERSION = YES;
				CLANG_WARN_OBJC_IMPLICIT_RETAIN_SELF = YES;
				CLANG_WARN_OBJC_LITERAL_CONVERSION = YES;
				CLANG_WARN_OBJC_ROOT_CLASS = YES_ERROR;
				CLANG_WARN_RANGE_LOOP_ANALYSIS = YES;
				CLANG_WARN_STRICT_PROTOTYPES = YES;
				CLANG_WARN_SUSPICIOUS_MOVE = YES;
				CLANG_WARN_UNGUARDED_AVAILABILITY = YES_AGGRESSIVE;
				CLANG_WARN_UNREACHABLE_CODE = YES;
				CLANG_WARN__DUPLICATE_METHOD_MATCH = YES;
				COPY_PHASE_STRIP = NO;
				DEBUG_INFORMATION_FORMAT = "dwarf-with-dsym";
				ENABLE_NS_ASSERTIONS = NO;
				ENABLE_STRICT_OBJC_MSGSEND = YES;
				GCC_C_LANGUAGE_STANDARD = gnu11;
				GCC_NO_COMMON_BLOCKS = YES;
				GCC_WARN_64_TO_32_BIT_CONVERSION = YES;
				GCC_WARN_ABOUT_RETURN_TYPE = YES_ERROR;
				GCC_WARN_UNDECLARED_SELECTOR = YES;
				GCC_WARN_UNINITIALIZED_AUTOS = YES_AGGRESSIVE;
				GCC_WARN_UNUSED_FUNCTION = YES;
				GCC_WARN_UNUSED_VARIABLE = YES;
				IPHONEOS_DEPLOYMENT_TARGET = 13.4;
				MTL_ENABLE_DEBUG_INFO = NO;
				MTL_FAST_MATH = YES;
				SDKROOT = iphoneos;
				SWIFT_COMPILATION_MODE = wholemodule;
				SWIFT_OPTIMIZATION_LEVEL = "-O";
				VALIDATE_PRODUCT = YES;
			};
			name = Release;
		};
		8F0D3A3B246FD9BE00A91BD2 /* Debug */ = {
			isa = XCBuildConfiguration;
			buildSettings = {
				ASSETCATALOG_COMPILER_APPICON_NAME = AppIcon;
				CODE_SIGN_STYLE = Automatic;
				DEVELOPMENT_ASSET_PATHS = "\"BucketList/Preview Content\"";
				DEVELOPMENT_TEAM = VDZ276T74C;
				ENABLE_PREVIEWS = YES;
				INFOPLIST_FILE = BucketList/Info.plist;
				LD_RUNPATH_SEARCH_PATHS = (
					"$(inherited)",
					"@executable_path/Frameworks",
				);
				PRODUCT_BUNDLE_IDENTIFIER = com.example.BucketList;
				PRODUCT_NAME = "$(TARGET_NAME)";
				SWIFT_VERSION = 5.0;
				TARGETED_DEVICE_FAMILY = "1,2";
			};
			name = Debug;
		};
		8F0D3A3C246FD9BE00A91BD2 /* Release */ = {
			isa = XCBuildConfiguration;
			buildSettings = {
				ASSETCATALOG_COMPILER_APPICON_NAME = AppIcon;
				CODE_SIGN_STYLE = Automatic;
				DEVELOPMENT_ASSET_PATHS = "\"BucketList/Preview Content\"";
				DEVELOPMENT_TEAM = VDZ276T74C;
				ENABLE_PREVIEWS = YES;
				INFOPLIST_FILE = BucketList/Info.plist;
				LD_RUNPATH_SEARCH_PATHS = (
					"$(inherited)",
					"@executable_path/Frameworks",
				);
				PRODUCT_BUNDLE_IDENTIFIER = com.example.BucketList;
				PRODUCT_NAME = "$(TARGET_NAME)";
				SWIFT_VERSION = 5.0;
				TARGETED_DEVICE_FAMILY = "1,2";
			};
			name = Release;
		};
/* End XCBuildConfiguration section */

/* Begin XCConfigurationList section */
		8F0D3A21246FD9AD00A91BD2 /* Build configuration list for PBXProject "BucketList" */ = {
			isa = XCConfigurationList;
			buildConfigurations = (
				8F0D3A38246FD9BE00A91BD2 /* Debug */,
				8F0D3A39246FD9BE00A91BD2 /* Release */,
			);
			defaultConfigurationIsVisible = 0;
			defaultConfigurationName = Release;
		};
		8F0D3A3A246FD9BE00A91BD2 /* Build configuration list for PBXNativeTarget "BucketList" */ = {
			isa = XCConfigurationList;
			buildConfigurations = (
				8F0D3A3B246FD9BE00A91BD2 /* Debug */,
				8F0D3A3C246FD9BE00A91BD2 /* Release */,
			);
			defaultConfigurationIsVisible = 0;
			defaultConfigurationName = Release;
		};
/* End XCConfigurationList section */
	};
	rootObject = 8F0D3A1E246FD9AD00A91BD2 /* Project object */;
}
