// !$*UTF8*$!
{
	archiveVersion = 1;
	classes = {
	};
	objectVersion = 50;
	objects = {

/* Begin PBXBuildFile section */
		8F0D3A4A2470D6F100A91BD2 /* AppDelegate.swift in Sources */ = {isa = PBXBuildFile; fileRef = 8F0D3A492470D6F100A91BD2 /* AppDelegate.swift */; };
		8F0D3A4C2470D6F100A91BD2 /* SceneDelegate.swift in Sources */ = {isa = PBXBuildFile; fileRef = 8F0D3A4B2470D6F100A91BD2 /* SceneDelegate.swift */; };
		8F0D3A4E2470D6F100A91BD2 /* ContentView.swift in Sources */ = {isa = PBXBuildFile; fileRef = 8F0D3A4D2470D6F100A91BD2 /* ContentView.swift */; };
		8F0D3A502470D6FA00A91BD2 /* Assets.xcassets in Resources */ = {isa = PBXBuildFile; fileRef = 8F0D3A4F2470D6FA00A91BD2 /* Assets.xcassets */; };
		8F0D3A532470D6FA00A91BD2 /* Preview Assets.xcassets in Resources */ = {isa = PBXBuildFile; fileRef = 8F0D3A522470D6FA00A91BD2 /* Preview Assets.xcassets */; };
		8F0D3A562470D6FA00A91BD2 /* LaunchScreen.storyboard in Resources */ = {isa = PBXBuildFile; fileRef = 8F0D3A542470D6FA00A91BD2 /* LaunchScreen.storyboard */; };
		8F0D3A602470F4DA00A91BD2 /* GameSettingView.swift in Sources */ = {isa = PBXBuildFile; fileRef = 8F0D3A5F2470F4DA00A91BD2 /* GameSettingView.swift */; };
		8F0D3A622470FB9D00A91BD2 /* GameRunningView.swift in Sources */ = {isa = PBXBuildFile; fileRef = 8F0D3A612470FB9D00A91BD2 /* GameRunningView.swift */; };
		8F0D3A642471333100A91BD2 /* ResultView.swift in Sources */ = {isa = PBXBuildFile; fileRef = 8F0D3A632471333100A91BD2 /* ResultView.swift */; };
/* End PBXBuildFile section */

/* Begin PBXFileReference section */
		8F0D3A462470D6F100A91BD2 /* Edutainment.app */ = {isa = PBXFileReference; explicitFileType = wrapper.application; includeInIndex = 0; path = Edutainment.app; sourceTree = BUILT_PRODUCTS_DIR; };
		8F0D3A492470D6F100A91BD2 /* AppDelegate.swift */ = {isa = PBXFileReference; lastKnownFileType = sourcecode.swift; path = AppDelegate.swift; sourceTree = "<group>"; };
		8F0D3A4B2470D6F100A91BD2 /* SceneDelegate.swift */ = {isa = PBXFileReference; lastKnownFileType = sourcecode.swift; path = SceneDelegate.swift; sourceTree = "<group>"; };
		8F0D3A4D2470D6F100A91BD2 /* ContentView.swift */ = {isa = PBXFileReference; lastKnownFileType = sourcecode.swift; path = ContentView.swift; sourceTree = "<group>"; };
		8F0D3A4F2470D6FA00A91BD2 /* Assets.xcassets */ = {isa = PBXFileReference; lastKnownFileType = folder.assetcatalog; path = Assets.xcassets; sourceTree = "<group>"; };
		8F0D3A522470D6FA00A91BD2 /* Preview Assets.xcassets */ = {isa = PBXFileReference; lastKnownFileType = folder.assetcatalog; path = "Preview Assets.xcassets"; sourceTree = "<group>"; };
		8F0D3A552470D6FA00A91BD2 /* Base */ = {isa = PBXFileReference; lastKnownFileType = file.storyboard; name = Base; path = Base.lproj/LaunchScreen.storyboard; sourceTree = "<group>"; };
		8F0D3A572470D6FA00A91BD2 /* Info.plist */ = {isa = PBXFileReference; lastKnownFileType = text.plist.xml; path = Info.plist; sourceTree = "<group>"; };
		8F0D3A5F2470F4DA00A91BD2 /* GameSettingView.swift */ = {isa = PBXFileReference; lastKnownFileType = sourcecode.swift; path = GameSettingView.swift; sourceTree = "<group>"; };
		8F0D3A612470FB9D00A91BD2 /* GameRunningView.swift */ = {isa = PBXFileReference; lastKnownFileType = sourcecode.swift; path = GameRunningView.swift; sourceTree = "<group>"; };
		8F0D3A632471333100A91BD2 /* ResultView.swift */ = {isa = PBXFileReference; lastKnownFileType = sourcecode.swift; path = ResultView.swift; sourceTree = "<group>"; };
/* End PBXFileReference section */

/* Begin PBXFrameworksBuildPhase section */
		8F0D3A432470D6F100A91BD2 /* Frameworks */ = {
			isa = PBXFrameworksBuildPhase;
			buildActionMask = 2147483647;
			files = (
			);
			runOnlyForDeploymentPostprocessing = 0;
		};
/* End PBXFrameworksBuildPhase section */

/* Begin PBXGroup section */
		8F0D3A3D2470D6F100A91BD2 = {
			isa = PBXGroup;
			children = (
				8F0D3A482470D6F100A91BD2 /* Edutainment */,
				8F0D3A472470D6F100A91BD2 /* Products */,
			);
			sourceTree = "<group>";
		};
		8F0D3A472470D6F100A91BD2 /* Products */ = {
			isa = PBXGroup;
			children = (
				8F0D3A462470D6F100A91BD2 /* Edutainment.app */,
			);
			name = Products;
			sourceTree = "<group>";
		};
		8F0D3A482470D6F100A91BD2 /* Edutainment */ = {
			isa = PBXGroup;
			children = (
				8F0D3A492470D6F100A91BD2 /* AppDelegate.swift */,
				8F0D3A4B2470D6F100A91BD2 /* SceneDelegate.swift */,
				8F0D3A4D2470D6F100A91BD2 /* ContentView.swift */,
				8F0D3A632471333100A91BD2 /* ResultView.swift */,
				8F0D3A612470FB9D00A91BD2 /* GameRunningView.swift */,
				8F0D3A5F2470F4DA00A91BD2 /* GameSettingView.swift */,
				8F0D3A4F2470D6FA00A91BD2 /* Assets.xcassets */,
				8F0D3A542470D6FA00A91BD2 /* LaunchScreen.storyboard */,
				8F0D3A572470D6FA00A91BD2 /* Info.plist */,
				8F0D3A512470D6FA00A91BD2 /* Preview Content */,
			);
			path = Edutainment;
			sourceTree = "<group>";
		};
		8F0D3A512470D6FA00A91BD2 /* Preview Content */ = {
			isa = PBXGroup;
			children = (
				8F0D3A522470D6FA00A91BD2 /* Preview Assets.xcassets */,
			);
			path = "Preview Content";
			sourceTree = "<group>";
		};
/* End PBXGroup section */

/* Begin PBXNativeTarget section */
		8F0D3A452470D6F100A91BD2 /* Edutainment */ = {
			isa = PBXNativeTarget;
			buildConfigurationList = 8F0D3A5A2470D6FA00A91BD2 /* Build configuration list for PBXNativeTarget "Edutainment" */;
			buildPhases = (
				8F0D3A422470D6F100A91BD2 /* Sources */,
				8F0D3A432470D6F100A91BD2 /* Frameworks */,
				8F0D3A442470D6F100A91BD2 /* Resources */,
			);
			buildRules = (
			);
			dependencies = (
			);
			name = Edutainment;
			productName = Edutainment;
			productReference = 8F0D3A462470D6F100A91BD2 /* Edutainment.app */;
			productType = "com.apple.product-type.application";
		};
/* End PBXNativeTarget section */

/* Begin PBXProject section */
		8F0D3A3E2470D6F100A91BD2 /* Project object */ = {
			isa = PBXProject;
			attributes = {
				LastSwiftUpdateCheck = 1140;
				LastUpgradeCheck = 1140;
				ORGANIZATIONNAME = "Toshiki Ichibangase";
				TargetAttributes = {
					8F0D3A452470D6F100A91BD2 = {
						CreatedOnToolsVersion = 11.4.1;
					};
				};
			};
			buildConfigurationList = 8F0D3A412470D6F100A91BD2 /* Build configuration list for PBXProject "Edutainment" */;
			compatibilityVersion = "Xcode 9.3";
			developmentRegion = en;
			hasScannedForEncodings = 0;
			knownRegions = (
				en,
				Base,
			);
			mainGroup = 8F0D3A3D2470D6F100A91BD2;
			productRefGroup = 8F0D3A472470D6F100A91BD2 /* Products */;
			projectDirPath = "";
			projectRoot = "";
			targets = (
				8F0D3A452470D6F100A91BD2 /* Edutainment */,
			);
		};
/* End PBXProject section */

/* Begin PBXResourcesBuildPhase section */
		8F0D3A442470D6F100A91BD2 /* Resources */ = {
			isa = PBXResourcesBuildPhase;
			buildActionMask = 2147483647;
			files = (
				8F0D3A562470D6FA00A91BD2 /* LaunchScreen.storyboard in Resources */,
				8F0D3A532470D6FA00A91BD2 /* Preview Assets.xcassets in Resources */,
				8F0D3A502470D6FA00A91BD2 /* Assets.xcassets in Resources */,
			);
			runOnlyForDeploymentPostprocessing = 0;
		};
/* End PBXResourcesBuildPhase section */

/* Begin PBXSourcesBuildPhase section */
		8F0D3A422470D6F100A91BD2 /* Sources */ = {
			isa = PBXSourcesBuildPhase;
			buildActionMask = 2147483647;
			files = (
				8F0D3A602470F4DA00A91BD2 /* GameSettingView.swift in Sources */,
				8F0D3A4A2470D6F100A91BD2 /* AppDelegate.swift in Sources */,
				8F0D3A622470FB9D00A91BD2 /* GameRunningView.swift in Sources */,
				8F0D3A4C2470D6F100A91BD2 /* SceneDelegate.swift in Sources */,
				8F0D3A4E2470D6F100A91BD2 /* ContentView.swift in Sources */,
				8F0D3A642471333100A91BD2 /* ResultView.swift in Sources */,
			);
			runOnlyForDeploymentPostprocessing = 0;
		};
/* End PBXSourcesBuildPhase section */

/* Begin PBXVariantGroup section */
		8F0D3A542470D6FA00A91BD2 /* LaunchScreen.storyboard */ = {
			isa = PBXVariantGroup;
			children = (
				8F0D3A552470D6FA00A91BD2 /* Base */,
			);
			name = LaunchScreen.storyboard;
			sourceTree = "<group>";
		};
/* End PBXVariantGroup section */

/* Begin XCBuildConfiguration section */
		8F0D3A582470D6FA00A91BD2 /* Debug */ = {
			isa = XCBuildConfiguration;
			buildSettings = {
				ALWAYS_SEARCH_USER_PATHS = NO;
				CLANG_ANALYZER_NONNULL = YES;
				CLANG_ANALYZER_NUMBER_OBJECT_CONVERSION = YES_AGGRESSIVE;
				CLANG_CXX_LANGUAGE_STANDARD = "gnu++14";
				CLANG_CXX_LIBRARY = "libc++";
				CLANG_ENABLE_MODULES = YES;
				CLANG_ENABLE_OBJC_ARC = YES;
				CLANG_ENABLE_OBJC_WEAK = YES;
				CLANG_WARN_BLOCK_CAPTURE_AUTORELEASING = YES;
				CLANG_WARN_BOOL_CONVERSION = YES;
				CLANG_WARN_COMMA = YES;
				CLANG_WARN_CONSTANT_CONVERSION = YES;
				CLANG_WARN_DEPRECATED_OBJC_IMPLEMENTATIONS = YES;
				CLANG_WARN_DIRECT_OBJC_ISA_USAGE = YES_ERROR;
				CLANG_WARN_DOCUMENTATION_COMMENTS = YES;
				CLANG_WARN_EMPTY_BODY = YES;
				CLANG_WARN_ENUM_CONVERSION = YES;
				CLANG_WARN_INFINITE_RECURSION = YES;
				CLANG_WARN_INT_CONVERSION = YES;
				CLANG_WARN_NON_LITERAL_NULL_CONVERSION = YES;
				CLANG_WARN_OBJC_IMPLICIT_RETAIN_SELF = YES;
				CLANG_WARN_OBJC_LITERAL_CONVERSION = YES;
				CLANG_WARN_OBJC_ROOT_CLASS = YES_ERROR;
				CLANG_WARN_RANGE_LOOP_ANALYSIS = YES;
				CLANG_WARN_STRICT_PROTOTYPES = YES;
				CLANG_WARN_SUSPICIOUS_MOVE = YES;
				CLANG_WARN_UNGUARDED_AVAILABILITY = YES_AGGRESSIVE;
				CLANG_WARN_UNREACHABLE_CODE = YES;
				CLANG_WARN__DUPLICATE_METHOD_MATCH = YES;
				COPY_PHASE_STRIP = NO;
				DEBUG_INFORMATION_FORMAT = dwarf;
				ENABLE_STRICT_OBJC_MSGSEND = YES;
				ENABLE_TESTABILITY = YES;
				GCC_C_LANGUAGE_STANDARD = gnu11;
				GCC_DYNAMIC_NO_PIC = NO;
				GCC_NO_COMMON_BLOCKS = YES;
				GCC_OPTIMIZATION_LEVEL = 0;
				GCC_PREPROCESSOR_DEFINITIONS = (
					"DEBUG=1",
					"$(inherited)",
				);
				GCC_WARN_64_TO_32_BIT_CONVERSION = YES;
				GCC_WARN_ABOUT_RETURN_TYPE = YES_ERROR;
				GCC_WARN_UNDECLARED_SELECTOR = YES;
				GCC_WARN_UNINITIALIZED_AUTOS = YES_AGGRESSIVE;
				GCC_WARN_UNUSED_FUNCTION = YES;
				GCC_WARN_UNUSED_VARIABLE = YES;
				IPHONEOS_DEPLOYMENT_TARGET = 13.4;
				MTL_ENABLE_DEBUG_INFO = INCLUDE_SOURCE;
				MTL_FAST_MATH = YES;
				ONLY_ACTIVE_ARCH = YES;
				SDKROOT = iphoneos;
				SWIFT_ACTIVE_COMPILATION_CONDITIONS = DEBUG;
				SWIFT_OPTIMIZATION_LEVEL = "-Onone";
			};
			name = Debug;
		};
		8F0D3A592470D6FA00A91BD2 /* Release */ = {
			isa = XCBuildConfiguration;
			buildSettings = {
				ALWAYS_SEARCH_USER_PATHS = NO;
				CLANG_ANALYZER_NONNULL = YES;
				CLANG_ANALYZER_NUMBER_OBJECT_CONVERSION = YES_AGGRESSIVE;
				CLANG_CXX_LANGUAGE_STANDARD = "gnu++14";
				CLANG_CXX_LIBRARY = "libc++";
				CLANG_ENABLE_MODULES = YES;
				CLANG_ENABLE_OBJC_ARC = YES;
				CLANG_ENABLE_OBJC_WEAK = YES;
				CLANG_WARN_BLOCK_CAPTURE_AUTORELEASING = YES;
				CLANG_WARN_BOOL_CONVERSION = YES;
				CLANG_WARN_COMMA = YES;
				CLANG_WARN_CONSTANT_CONVERSION = YES;
				CLANG_WARN_DEPRECATED_OBJC_IMPLEMENTATIONS = YES;
				CLANG_WARN_DIRECT_OBJC_ISA_USAGE = YES_ERROR;
				CLANG_WARN_DOCUMENTATION_COMMENTS = YES;
				CLANG_WARN_EMPTY_BODY = YES;
				CLANG_WARN_ENUM_CONVERSION = YES;
				CLANG_WARN_INFINITE_RECURSION = YES;
				CLANG_WARN_INT_CONVERSION = YES;
				CLANG_WARN_NON_LITERAL_NULL_CONVERSION = YES;
				CLANG_WARN_OBJC_IMPLICIT_RETAIN_SELF = YES;
				CLANG_WARN_OBJC_LITERAL_CONVERSION = YES;
				CLANG_WARN_OBJC_ROOT_CLASS = YES_ERROR;
				CLANG_WARN_RANGE_LOOP_ANALYSIS = YES;
				CLANG_WARN_STRICT_PROTOTYPES = YES;
				CLANG_WARN_SUSPICIOUS_MOVE = YES;
				CLANG_WARN_UNGUARDED_AVAILABILITY = YES_AGGRESSIVE;
				CLANG_WARN_UNREACHABLE_CODE = YES;
				CLANG_WARN__DUPLICATE_METHOD_MATCH = YES;
				COPY_PHASE_STRIP = NO;
				DEBUG_INFORMATION_FORMAT = "dwarf-with-dsym";
				ENABLE_NS_ASSERTIONS = NO;
				ENABLE_STRICT_OBJC_MSGSEND = YES;
				GCC_C_LANGUAGE_STANDARD = gnu11;
				GCC_NO_COMMON_BLOCKS = YES;
				GCC_WARN_64_TO_32_BIT_CONVERSION = YES;
				GCC_WARN_ABOUT_RETURN_TYPE = YES_ERROR;
				GCC_WARN_UNDECLARED_SELECTOR = YES;
				GCC_WARN_UNINITIALIZED_AUTOS = YES_AGGRESSIVE;
				GCC_WARN_UNUSED_FUNCTION = YES;
				GCC_WARN_UNUSED_VARIABLE = YES;
				IPHONEOS_DEPLOYMENT_TARGET = 13.4;
				MTL_ENABLE_DEBUG_INFO = NO;
				MTL_FAST_MATH = YES;
				SDKROOT = iphoneos;
				SWIFT_COMPILATION_MODE = wholemodule;
				SWIFT_OPTIMIZATION_LEVEL = "-O";
				VALIDATE_PRODUCT = YES;
			};
			name = Release;
		};
		8F0D3A5B2470D6FA00A91BD2 /* Debug */ = {
			isa = XCBuildConfiguration;
			buildSettings = {
				ASSETCATALOG_COMPILER_APPICON_NAME = AppIcon;
				CODE_SIGN_STYLE = Automatic;
				DEVELOPMENT_ASSET_PATHS = "\"Edutainment/Preview Content\"";
				DEVELOPMENT_TEAM = VDZ276T74C;
				ENABLE_PREVIEWS = YES;
				INFOPLIST_FILE = Edutainment/Info.plist;
				LD_RUNPATH_SEARCH_PATHS = (
					"$(inherited)",
					"@executable_path/Frameworks",
				);
				PRODUCT_BUNDLE_IDENTIFIER = com.example.Edutainment;
				PRODUCT_NAME = "$(TARGET_NAME)";
				SWIFT_VERSION = 5.0;
				TARGETED_DEVICE_FAMILY = "1,2";
			};
			name = Debug;
		};
		8F0D3A5C2470D6FA00A91BD2 /* Release */ = {
			isa = XCBuildConfiguration;
			buildSettings = {
				ASSETCATALOG_COMPILER_APPICON_NAME = AppIcon;
				CODE_SIGN_STYLE = Automatic;
				DEVELOPMENT_ASSET_PATHS = "\"Edutainment/Preview Content\"";
				DEVELOPMENT_TEAM = VDZ276T74C;
				ENABLE_PREVIEWS = YES;
				INFOPLIST_FILE = Edutainment/Info.plist;
				LD_RUNPATH_SEARCH_PATHS = (
					"$(inherited)",
					"@executable_path/Frameworks",
				);
				PRODUCT_BUNDLE_IDENTIFIER = com.example.Edutainment;
				PRODUCT_NAME = "$(TARGET_NAME)";
				SWIFT_VERSION = 5.0;
				TARGETED_DEVICE_FAMILY = "1,2";
			};
			name = Release;
		};
/* End XCBuildConfiguration section */

/* Begin XCConfigurationList section */
		8F0D3A412470D6F100A91BD2 /* Build configuration list for PBXProject "Edutainment" */ = {
			isa = XCConfigurationList;
			buildConfigurations = (
				8F0D3A582470D6FA00A91BD2 /* Debug */,
				8F0D3A592470D6FA00A91BD2 /* Release */,
			);
			defaultConfigurationIsVisible = 0;
			defaultConfigurationName = Release;
		};
		8F0D3A5A2470D6FA00A91BD2 /* Build configuration list for PBXNativeTarget "Edutainment" */ = {
			isa = XCConfigurationList;
			buildConfigurations = (
				8F0D3A5B2470D6FA00A91BD2 /* Debug */,
				8F0D3A5C2470D6FA00A91BD2 /* Release */,
			);
			defaultConfigurationIsVisible = 0;
			defaultConfigurationName = Release;
		};
/* End XCConfigurationList section */
	};
	rootObject = 8F0D3A3E2470D6F100A91BD2 /* Project object */;
}
